// !$*UTF8*$!
{
	archiveVersion = 1;
	classes = {
	};
	objectVersion = 50;
	objects = {

/* Begin PBXBuildFile section */
		4B2F9C202A18703400F02A38 /* hex.h in Headers */ = {isa = PBXBuildFile; fileRef = 4B2F9C162A18703300F02A38 /* hex.h */; };
		4B2F9C212A18703400F02A38 /* aes.h in Headers */ = {isa = PBXBuildFile; fileRef = 4B2F9C172A18703300F02A38 /* aes.h */; };
		4B2F9C222A18703400F02A38 /* endian.h in Headers */ = {isa = PBXBuildFile; fileRef = 4B2F9C182A18703300F02A38 /* endian.h */; };
		4B2F9C232A18703400F02A38 /* proof.h in Headers */ = {isa = PBXBuildFile; fileRef = 4B2F9C192A18703300F02A38 /* proof.h */; };
		4B2F9C242A18703400F02A38 /* random.h in Headers */ = {isa = PBXBuildFile; fileRef = 4B2F9C1A2A18703300F02A38 /* random.h */; };
		4B2F9C252A18703400F02A38 /* sha256.h in Headers */ = {isa = PBXBuildFile; fileRef = 4B2F9C1B2A18703400F02A38 /* sha256.h */; };
		4B2F9C262A18703400F02A38 /* compiler.h in Headers */ = {isa = PBXBuildFile; fileRef = 4B2F9C1C2A18703400F02A38 /* compiler.h */; };
		4B2F9C272A18703400F02A38 /* config.h in Headers */ = {isa = PBXBuildFile; fileRef = 4B2F9C1D2A18703400F02A38 /* config.h */; };
		4B2F9C282A18703400F02A38 /* cursor.h in Headers */ = {isa = PBXBuildFile; fileRef = 4B2F9C1E2A18703400F02A38 /* cursor.h */; };
		4B2F9C292A18703400F02A38 /* base64.h in Headers */ = {isa = PBXBuildFile; fileRef = 4B2F9C1F2A18703400F02A38 /* base64.h */; };
		4B2F9C302A18719E00F02A38 /* async.h in Headers */ = {isa = PBXBuildFile; fileRef = 4B2F9C2F2A18719E00F02A38 /* async.h */; };
		4B61D1732A19490600D4D037 /* libsecp256k1.a in Sources */ = {isa = PBXBuildFile; fileRef = 4B61D1722A19490600D4D037 /* libsecp256k1.a */; };
		4BDBB9412A185E75000FD3C8 /* main.c in Sources */ = {isa = PBXBuildFile; fileRef = 4BDBB9402A185E75000FD3C8 /* main.c */; };
		4BDBB9D32A186892000FD3C8 /* secp256k1.h in Headers */ = {isa = PBXBuildFile; fileRef = 4BDBB9C02A1867F7000FD3C8 /* secp256k1.h */; };
		4BDBB9D52A186897000FD3C8 /* secp256k1_extrakeys.h in Headers */ = {isa = PBXBuildFile; fileRef = 4BDBB9C22A1867F7000FD3C8 /* secp256k1_extrakeys.h */; };
		4BDBB9D72A18689A000FD3C8 /* secp256k1_recovery.h in Headers */ = {isa = PBXBuildFile; fileRef = 4BDBB9C42A1867F7000FD3C8 /* secp256k1_recovery.h */; };
		4BDBB9D92A1868A0000FD3C8 /* secp256k1_schnorrsig.h in Headers */ = {isa = PBXBuildFile; fileRef = 4BDBB9C52A1867F7000FD3C8 /* secp256k1_schnorrsig.h */; };
		4BDBB9DB2A1868A9000FD3C8 /* secp256k1_preallocated.h in Headers */ = {isa = PBXBuildFile; fileRef = 4BDBB9C32A1867F7000FD3C8 /* secp256k1_preallocated.h */; };
		4BDBB9DD2A1868AE000FD3C8 /* secp256k1_ecdh.h in Headers */ = {isa = PBXBuildFile; fileRef = 4BDBB9C12A1867F7000FD3C8 /* secp256k1_ecdh.h */; };
/* End PBXBuildFile section */

/* Begin PBXCopyFilesBuildPhase section */
		4BDBB93B2A185E75000FD3C8 /* CopyFiles */ = {
			isa = PBXCopyFilesBuildPhase;
			buildActionMask = 2147483647;
			dstPath = /usr/share/man/man1/;
			dstSubfolderSpec = 0;
			files = (
			);
			runOnlyForDeploymentPostprocessing = 1;
		};
/* End PBXCopyFilesBuildPhase section */

/* Begin PBXFileReference section */
		4B2F9C162A18703300F02A38 /* hex.h */ = {isa = PBXFileReference; fileEncoding = 4; lastKnownFileType = sourcecode.c.h; name = hex.h; path = ../../../hex.h; sourceTree = "<group>"; };
		4B2F9C172A18703300F02A38 /* aes.h */ = {isa = PBXFileReference; fileEncoding = 4; lastKnownFileType = sourcecode.c.h; name = aes.h; path = ../../../aes.h; sourceTree = "<group>"; };
		4B2F9C182A18703300F02A38 /* endian.h */ = {isa = PBXFileReference; fileEncoding = 4; lastKnownFileType = sourcecode.c.h; name = endian.h; path = ../../../endian.h; sourceTree = "<group>"; };
		4B2F9C192A18703300F02A38 /* proof.h */ = {isa = PBXFileReference; fileEncoding = 4; lastKnownFileType = sourcecode.c.h; name = proof.h; path = ../../../proof.h; sourceTree = "<group>"; };
		4B2F9C1A2A18703300F02A38 /* random.h */ = {isa = PBXFileReference; fileEncoding = 4; lastKnownFileType = sourcecode.c.h; name = random.h; path = ../../../random.h; sourceTree = "<group>"; };
		4B2F9C1B2A18703400F02A38 /* sha256.h */ = {isa = PBXFileReference; fileEncoding = 4; lastKnownFileType = sourcecode.c.h; name = sha256.h; path = ../../../sha256.h; sourceTree = "<group>"; };
		4B2F9C1C2A18703400F02A38 /* compiler.h */ = {isa = PBXFileReference; fileEncoding = 4; lastKnownFileType = sourcecode.c.h; name = compiler.h; path = ../../../compiler.h; sourceTree = "<group>"; };
		4B2F9C1D2A18703400F02A38 /* config.h */ = {isa = PBXFileReference; fileEncoding = 4; lastKnownFileType = sourcecode.c.h; name = config.h; path = ../../../config.h; sourceTree = "<group>"; };
		4B2F9C1E2A18703400F02A38 /* cursor.h */ = {isa = PBXFileReference; fileEncoding = 4; lastKnownFileType = sourcecode.c.h; name = cursor.h; path = ../../../cursor.h; sourceTree = "<group>"; };
		4B2F9C1F2A18703400F02A38 /* base64.h */ = {isa = PBXFileReference; fileEncoding = 4; lastKnownFileType = sourcecode.c.h; name = base64.h; path = ../../../base64.h; sourceTree = "<group>"; };
		4B2F9C2F2A18719E00F02A38 /* async.h */ = {isa = PBXFileReference; fileEncoding = 4; lastKnownFileType = sourcecode.c.h; name = async.h; path = ../../../../async.h/async/async.h; sourceTree = "<group>"; };
		4B61D1722A19490600D4D037 /* libsecp256k1.a */ = {isa = PBXFileReference; lastKnownFileType = archive.ar; name = libsecp256k1.a; path = ../nostril/libsecp256k1.a; sourceTree = "<group>"; };
		4BDBB93D2A185E75000FD3C8 /* nostr-async */ = {isa = PBXFileReference; explicitFileType = "compiled.mach-o.executable"; includeInIndex = 0; path = "nostr-async"; sourceTree = BUILT_PRODUCTS_DIR; };
		4BDBB9402A185E75000FD3C8 /* main.c */ = {isa = PBXFileReference; lastKnownFileType = sourcecode.c.c; path = main.c; sourceTree = "<group>"; };
		4BDBB9C02A1867F7000FD3C8 /* secp256k1.h */ = {isa = PBXFileReference; lastKnownFileType = sourcecode.c.h; path = secp256k1.h; sourceTree = "<group>"; };
		4BDBB9C12A1867F7000FD3C8 /* secp256k1_ecdh.h */ = {isa = PBXFileReference; lastKnownFileType = sourcecode.c.h; path = secp256k1_ecdh.h; sourceTree = "<group>"; };
		4BDBB9C22A1867F7000FD3C8 /* secp256k1_extrakeys.h */ = {isa = PBXFileReference; lastKnownFileType = sourcecode.c.h; path = secp256k1_extrakeys.h; sourceTree = "<group>"; };
		4BDBB9C32A1867F7000FD3C8 /* secp256k1_preallocated.h */ = {isa = PBXFileReference; lastKnownFileType = sourcecode.c.h; path = secp256k1_preallocated.h; sourceTree = "<group>"; };
		4BDBB9C42A1867F7000FD3C8 /* secp256k1_recovery.h */ = {isa = PBXFileReference; lastKnownFileType = sourcecode.c.h; path = secp256k1_recovery.h; sourceTree = "<group>"; };
		4BDBB9C52A1867F7000FD3C8 /* secp256k1_schnorrsig.h */ = {isa = PBXFileReference; lastKnownFileType = sourcecode.c.h; path = secp256k1_schnorrsig.h; sourceTree = "<group>"; };
/* End PBXFileReference section */

/* Begin PBXFrameworksBuildPhase section */
		4BDBB93A2A185E75000FD3C8 /* Frameworks */ = {
			isa = PBXFrameworksBuildPhase;
			buildActionMask = 2147483647;
			files = (
			);
			runOnlyForDeploymentPostprocessing = 0;
		};
/* End PBXFrameworksBuildPhase section */

/* Begin PBXGroup section */
		4BDBB9342A185E75000FD3C8 = {
			isa = PBXGroup;
			children = (
				4BDBB9BF2A1867F7000FD3C8 /* include */,
				4BDBB93F2A185E75000FD3C8 /* nostr-async */,
				4BDBB93E2A185E75000FD3C8 /* Products */,
				4BDBB94E2A1861C1000FD3C8 /* Frameworks */,
			);
			sourceTree = "<group>";
		};
		4BDBB93E2A185E75000FD3C8 /* Products */ = {
			isa = PBXGroup;
			children = (
				4BDBB93D2A185E75000FD3C8 /* nostr-async */,
			);
			name = Products;
			sourceTree = "<group>";
		};
		4BDBB93F2A185E75000FD3C8 /* nostr-async */ = {
			isa = PBXGroup;
			children = (
				4BDBB9402A185E75000FD3C8 /* main.c */,
			);
			path = "nostr-async";
			sourceTree = "<group>";
		};
		4BDBB94E2A1861C1000FD3C8 /* Frameworks */ = {
			isa = PBXGroup;
			children = (
				4B61D1722A19490600D4D037 /* libsecp256k1.a */,
			);
			name = Frameworks;
			sourceTree = "<group>";
		};
		4BDBB9BF2A1867F7000FD3C8 /* include */ = {
			isa = PBXGroup;
			children = (
				4B2F9C2F2A18719E00F02A38 /* async.h */,
				4B2F9C172A18703300F02A38 /* aes.h */,
				4B2F9C1F2A18703400F02A38 /* base64.h */,
				4B2F9C1C2A18703400F02A38 /* compiler.h */,
				4B2F9C1D2A18703400F02A38 /* config.h */,
				4B2F9C1E2A18703400F02A38 /* cursor.h */,
				4B2F9C182A18703300F02A38 /* endian.h */,
				4B2F9C162A18703300F02A38 /* hex.h */,
				4B2F9C192A18703300F02A38 /* proof.h */,
				4B2F9C1A2A18703300F02A38 /* random.h */,
				4B2F9C1B2A18703400F02A38 /* sha256.h */,
				4BDBB9C02A1867F7000FD3C8 /* secp256k1.h */,
				4BDBB9C12A1867F7000FD3C8 /* secp256k1_ecdh.h */,
				4BDBB9C22A1867F7000FD3C8 /* secp256k1_extrakeys.h */,
				4BDBB9C32A1867F7000FD3C8 /* secp256k1_preallocated.h */,
				4BDBB9C42A1867F7000FD3C8 /* secp256k1_recovery.h */,
				4BDBB9C52A1867F7000FD3C8 /* secp256k1_schnorrsig.h */,
			);
			name = include;
			path = ../nostril/deps/secp256k1/include;
			sourceTree = "<group>";
		};
/* End PBXGroup section */

/* Begin PBXHeadersBuildPhase section */
		4BDBB9BE2A1867DC000FD3C8 /* Headers */ = {
			isa = PBXHeadersBuildPhase;
			buildActionMask = 2147483647;
			files = (
				4B2F9C262A18703400F02A38 /* compiler.h in Headers */,
				4BDBB9DD2A1868AE000FD3C8 /* secp256k1_ecdh.h in Headers */,
				4B2F9C232A18703400F02A38 /* proof.h in Headers */,
				4B2F9C292A18703400F02A38 /* base64.h in Headers */,
				4B2F9C282A18703400F02A38 /* cursor.h in Headers */,
				4B2F9C302A18719E00F02A38 /* async.h in Headers */,
				4B2F9C202A18703400F02A38 /* hex.h in Headers */,
				4BDBB9DB2A1868A9000FD3C8 /* secp256k1_preallocated.h in Headers */,
				4B2F9C242A18703400F02A38 /* random.h in Headers */,
				4B2F9C272A18703400F02A38 /* config.h in Headers */,
				4BDBB9D92A1868A0000FD3C8 /* secp256k1_schnorrsig.h in Headers */,
				4B2F9C212A18703400F02A38 /* aes.h in Headers */,
				4BDBB9D72A18689A000FD3C8 /* secp256k1_recovery.h in Headers */,
				4BDBB9D52A186897000FD3C8 /* secp256k1_extrakeys.h in Headers */,
				4BDBB9D32A186892000FD3C8 /* secp256k1.h in Headers */,
				4B2F9C222A18703400F02A38 /* endian.h in Headers */,
				4B2F9C252A18703400F02A38 /* sha256.h in Headers */,
			);
			runOnlyForDeploymentPostprocessing = 0;
		};
/* End PBXHeadersBuildPhase section */

/* Begin PBXNativeTarget section */
		4BDBB93C2A185E75000FD3C8 /* nostr-async */ = {
			isa = PBXNativeTarget;
			buildConfigurationList = 4BDBB9442A185E75000FD3C8 /* Build configuration list for PBXNativeTarget "nostr-async" */;
			buildPhases = (
				4BDBB9BE2A1867DC000FD3C8 /* Headers */,
				4BDBB9392A185E75000FD3C8 /* Sources */,
				4BDBB93A2A185E75000FD3C8 /* Frameworks */,
				4BDBB93B2A185E75000FD3C8 /* CopyFiles */,
			);
			buildRules = (
			);
			dependencies = (
			);
			name = "nostr-async";
			productName = "nostr-async";
			productReference = 4BDBB93D2A185E75000FD3C8 /* nostr-async */;
			productType = "com.apple.product-type.tool";
		};
/* End PBXNativeTarget section */

/* Begin PBXProject section */
		4BDBB9352A185E75000FD3C8 /* Project object */ = {
			isa = PBXProject;
			attributes = {
				LastUpgradeCheck = 1240;
				TargetAttributes = {
					4BDBB93C2A185E75000FD3C8 = {
						CreatedOnToolsVersion = 12.4;
					};
				};
			};
			buildConfigurationList = 4BDBB9382A185E75000FD3C8 /* Build configuration list for PBXProject "nostr-async" */;
			compatibilityVersion = "Xcode 9.3";
			developmentRegion = en;
			hasScannedForEncodings = 0;
			knownRegions = (
				en,
				Base,
			);
			mainGroup = 4BDBB9342A185E75000FD3C8;
			productRefGroup = 4BDBB93E2A185E75000FD3C8 /* Products */;
			projectDirPath = "";
			projectRoot = "";
			targets = (
				4BDBB93C2A185E75000FD3C8 /* nostr-async */,
			);
		};
/* End PBXProject section */

/* Begin PBXSourcesBuildPhase section */
		4BDBB9392A185E75000FD3C8 /* Sources */ = {
			isa = PBXSourcesBuildPhase;
			buildActionMask = 2147483647;
			files = (
				4B61D1732A19490600D4D037 /* libsecp256k1.a in Sources */,
				4BDBB9412A185E75000FD3C8 /* main.c in Sources */,
			);
			runOnlyForDeploymentPostprocessing = 0;
		};
/* End PBXSourcesBuildPhase section */

/* Begin XCBuildConfiguration section */
		4BDBB9422A185E75000FD3C8 /* Debug */ = {
			isa = XCBuildConfiguration;
			buildSettings = {
				ALWAYS_SEARCH_USER_PATHS = NO;
				CLANG_ANALYZER_NONNULL = YES;
				CLANG_ANALYZER_NUMBER_OBJECT_CONVERSION = YES_AGGRESSIVE;
				CLANG_CXX_LANGUAGE_STANDARD = "gnu++14";
				CLANG_CXX_LIBRARY = "libc++";
				CLANG_ENABLE_MODULES = YES;
				CLANG_ENABLE_OBJC_ARC = YES;
				CLANG_ENABLE_OBJC_WEAK = YES;
				CLANG_WARN_BLOCK_CAPTURE_AUTORELEASING = YES;
				CLANG_WARN_BOOL_CONVERSION = YES;
				CLANG_WARN_COMMA = YES;
				CLANG_WARN_CONSTANT_CONVERSION = YES;
				CLANG_WARN_DEPRECATED_OBJC_IMPLEMENTATIONS = YES;
				CLANG_WARN_DIRECT_OBJC_ISA_USAGE = YES_ERROR;
				CLANG_WARN_DOCUMENTATION_COMMENTS = YES;
				CLANG_WARN_EMPTY_BODY = YES;
				CLANG_WARN_ENUM_CONVERSION = YES;
				CLANG_WARN_INFINITE_RECURSION = YES;
				CLANG_WARN_INT_CONVERSION = YES;
				CLANG_WARN_NON_LITERAL_NULL_CONVERSION = YES;
				CLANG_WARN_OBJC_IMPLICIT_RETAIN_SELF = YES;
				CLANG_WARN_OBJC_LITERAL_CONVERSION = YES;
				CLANG_WARN_OBJC_ROOT_CLASS = YES_ERROR;
				CLANG_WARN_QUOTED_INCLUDE_IN_FRAMEWORK_HEADER = YES;
				CLANG_WARN_RANGE_LOOP_ANALYSIS = YES;
				CLANG_WARN_STRICT_PROTOTYPES = YES;
				CLANG_WARN_SUSPICIOUS_MOVE = YES;
				CLANG_WARN_UNGUARDED_AVAILABILITY = YES_AGGRESSIVE;
				CLANG_WARN_UNREACHABLE_CODE = YES;
				CLANG_WARN__DUPLICATE_METHOD_MATCH = YES;
				COPY_PHASE_STRIP = NO;
				DEBUG_INFORMATION_FORMAT = dwarf;
				ENABLE_STRICT_OBJC_MSGSEND = YES;
				ENABLE_TESTABILITY = YES;
				GCC_C_LANGUAGE_STANDARD = gnu11;
				GCC_DYNAMIC_NO_PIC = NO;
				GCC_NO_COMMON_BLOCKS = YES;
				GCC_OPTIMIZATION_LEVEL = 0;
				GCC_PREPROCESSOR_DEFINITIONS = (
					"DEBUG=1",
					"$(inherited)",
				);
				GCC_WARN_64_TO_32_BIT_CONVERSION = YES;
				GCC_WARN_ABOUT_RETURN_TYPE = YES_ERROR;
				GCC_WARN_UNDECLARED_SELECTOR = YES;
				GCC_WARN_UNINITIALIZED_AUTOS = YES_AGGRESSIVE;
				GCC_WARN_UNUSED_FUNCTION = YES;
				GCC_WARN_UNUSED_VARIABLE = YES;
				MACOSX_DEPLOYMENT_TARGET = 10.15;
				MTL_ENABLE_DEBUG_INFO = INCLUDE_SOURCE;
				MTL_FAST_MATH = YES;
				ONLY_ACTIVE_ARCH = YES;
				SDKROOT = macosx;
			};
			name = Debug;
		};
		4BDBB9432A185E75000FD3C8 /* Release */ = {
			isa = XCBuildConfiguration;
			buildSettings = {
				ALWAYS_SEARCH_USER_PATHS = NO;
				CLANG_ANALYZER_NONNULL = YES;
				CLANG_ANALYZER_NUMBER_OBJECT_CONVERSION = YES_AGGRESSIVE;
				CLANG_CXX_LANGUAGE_STANDARD = "gnu++14";
				CLANG_CXX_LIBRARY = "libc++";
				CLANG_ENABLE_MODULES = YES;
				CLANG_ENABLE_OBJC_ARC = YES;
				CLANG_ENABLE_OBJC_WEAK = YES;
				CLANG_WARN_BLOCK_CAPTURE_AUTORELEASING = YES;
				CLANG_WARN_BOOL_CONVERSION = YES;
				CLANG_WARN_COMMA = YES;
				CLANG_WARN_CONSTANT_CONVERSION = YES;
				CLANG_WARN_DEPRECATED_OBJC_IMPLEMENTATIONS = YES;
				CLANG_WARN_DIRECT_OBJC_ISA_USAGE = YES_ERROR;
				CLANG_WARN_DOCUMENTATION_COMMENTS = YES;
				CLANG_WARN_EMPTY_BODY = YES;
				CLANG_WARN_ENUM_CONVERSION = YES;
				CLANG_WARN_INFINITE_RECURSION = YES;
				CLANG_WARN_INT_CONVERSION = YES;
				CLANG_WARN_NON_LITERAL_NULL_CONVERSION = YES;
				CLANG_WARN_OBJC_IMPLICIT_RETAIN_SELF = YES;
				CLANG_WARN_OBJC_LITERAL_CONVERSION = YES;
				CLANG_WARN_OBJC_ROOT_CLASS = YES_ERROR;
				CLANG_WARN_QUOTED_INCLUDE_IN_FRAMEWORK_HEADER = YES;
				CLANG_WARN_RANGE_LOOP_ANALYSIS = YES;
				CLANG_WARN_STRICT_PROTOTYPES = YES;
				CLANG_WARN_SUSPICIOUS_MOVE = YES;
				CLANG_WARN_UNGUARDED_AVAILABILITY = YES_AGGRESSIVE;
				CLANG_WARN_UNREACHABLE_CODE = YES;
				CLANG_WARN__DUPLICATE_METHOD_MATCH = YES;
				COPY_PHASE_STRIP = NO;
				DEBUG_INFORMATION_FORMAT = "dwarf-with-dsym";
				ENABLE_NS_ASSERTIONS = NO;
				ENABLE_STRICT_OBJC_MSGSEND = YES;
				GCC_C_LANGUAGE_STANDARD = gnu11;
				GCC_NO_COMMON_BLOCKS = YES;
				GCC_WARN_64_TO_32_BIT_CONVERSION = YES;
				GCC_WARN_ABOUT_RETURN_TYPE = YES_ERROR;
				GCC_WARN_UNDECLARED_SELECTOR = YES;
				GCC_WARN_UNINITIALIZED_AUTOS = YES_AGGRESSIVE;
				GCC_WARN_UNUSED_FUNCTION = YES;
				GCC_WARN_UNUSED_VARIABLE = YES;
				MACOSX_DEPLOYMENT_TARGET = 10.15;
				MTL_ENABLE_DEBUG_INFO = NO;
				MTL_FAST_MATH = YES;
				SDKROOT = macosx;
			};
			name = Release;
		};
		4BDBB9452A185E75000FD3C8 /* Debug */ = {
			isa = XCBuildConfiguration;
			buildSettings = {
				"ADDITIONAL_SDKS[arch=*]" = "";
				CODE_SIGN_STYLE = Automatic;
				DEVELOPMENT_TEAM = QP9MSC9X74;
				ENABLE_HARDENED_RUNTIME = YES;
				"FRAMEWORK_SEARCH_PATHS[arch=*]" = "";
				"LIBRARY_SEARCH_PATHS[arch=*]" = "";
				PRODUCT_NAME = "$(TARGET_NAME)";
			};
			name = Debug;
		};
		4BDBB9462A185E75000FD3C8 /* Release */ = {
			isa = XCBuildConfiguration;
			buildSettings = {
				CODE_SIGN_STYLE = Automatic;
				DEVELOPMENT_TEAM = QP9MSC9X74;
				ENABLE_HARDENED_RUNTIME = YES;
				"FRAMEWORK_SEARCH_PATHS[arch=*]" = "";
				"LIBRARY_SEARCH_PATHS[arch=*]" = "";
				PRODUCT_NAME = "$(TARGET_NAME)";
			};
			name = Release;
		};
/* End XCBuildConfiguration section */

/* Begin XCConfigurationList section */
		4BDBB9382A185E75000FD3C8 /* Build configuration list for PBXProject "nostr-async" */ = {
			isa = XCConfigurationList;
			buildConfigurations = (
				4BDBB9422A185E75000FD3C8 /* Debug */,
				4BDBB9432A185E75000FD3C8 /* Release */,
			);
			defaultConfigurationIsVisible = 0;
			defaultConfigurationName = Release;
		};
		4BDBB9442A185E75000FD3C8 /* Build configuration list for PBXNativeTarget "nostr-async" */ = {
			isa = XCConfigurationList;
			buildConfigurations = (
				4BDBB9452A185E75000FD3C8 /* Debug */,
				4BDBB9462A185E75000FD3C8 /* Release */,
			);
			defaultConfigurationIsVisible = 0;
			defaultConfigurationName = Release;
		};
/* End XCConfigurationList section */
	};
	rootObject = 4BDBB9352A185E75000FD3C8 /* Project object */;
}
